
Microsoft Visual Studio Solution File, Format Version 12.00
# Visual Studio Version 17
VisualStudioVersion = 17.0.32014.148
MinimumVisualStudioVersion = 10.0.40219.1
Project("{FAE04EC0-301F-11D3-BF4B-00C04F79EFBC}") = "PR4", "PR4\PR4.csproj", "{E1225CA7-F575-42E5-8796-1C6AE7708C3C}"
EndProject
Global
	GlobalSection(SolutionConfigurationPlatforms) = preSolution
		Debug|Any CPU = Debug|Any CPU
		Release|Any CPU = Release|Any CPU
	EndGlobalSection
	GlobalSection(ProjectConfigurationPlatforms) = postSolution
		{E1225CA7-F575-42E5-8796-1C6AE7708C3C}.Debug|Any CPU.ActiveCfg = Debug|Any CPU
		{E1225CA7-F575-42E5-8796-1C6AE7708C3C}.Debug|Any CPU.Build.0 = Debug|Any CPU
		{E1225CA7-F575-42E5-8796-1C6AE7708C3C}.Release|Any CPU.ActiveCfg = Release|Any CPU
		{E1225CA7-F575-42E5-8796-1C6AE7708C3C}.Release|Any CPU.Build.0 = Release|Any CPU
	EndGlobalSection
	GlobalSection(SolutionProperties) = preSolution
		HideSolutionNode = FALSE
	EndGlobalSection
	GlobalSection(ExtensibilityGlobals) = postSolution
		SolutionGuid = {20DA483D-9296-4B56-A433-837F3AD131A9}
	EndGlobalSection
EndGlobal
